Microsoft Visual Studio Solution File, Format Version 11.00
# Visual Studio 2010
Project("{8BC9CEB8-8B4A-11D0-8D11-00A0C91BC942}") = "fra-airtraffic", "fra-airtraffic.vcxproj", "{996FD070-C836-4E71-A3BF-5A0CE061D5E6}"
EndProject
Global
	GlobalSection(SolutionConfigurationPlatforms) = preSolution
		Debug|Win32 = Debug|Win32
		Debug|x64 = Debug|x64
		Debug Preview|Win32 = Debug Preview|Win32
		Debug Preview|x64 = Debug Preview|x64
		Debug ScreenshotContainer|Win32 = Debug ScreenshotContainer|Win32
		Debug ScreenshotContainer|x64 = Debug ScreenshotContainer|x64
		Release|Win32 = Release|Win32
		Release|x64 = Release|x64
		Release ScreenshotContainer|Win32 = Release ScreenshotContainer|Win32
		Release ScreenshotContainer|x64 = Release ScreenshotContainer|x64
	EndGlobalSection
	GlobalSection(ProjectConfigurationPlatforms) = postSolution
		{996FD070-C836-4E71-A3BF-5A0CE061D5E6}.Debug|Win32.ActiveCfg = Debug|Win32
		{996FD070-C836-4E71-A3BF-5A0CE061D5E6}.Debug|Win32.Build.0 = Debug|Win32
		{996FD070-C836-4E71-A3BF-5A0CE061D5E6}.Debug|x64.ActiveCfg = Debug|x64
		{996FD070-C836-4E71-A3BF-5A0CE061D5E6}.Debug|x64.Build.0 = Debug|x64
		{996FD070-C836-4E71-A3BF-5A0CE061D5E6}.Debug Preview|Win32.ActiveCfg = Debug Preview|Win32
		{996FD070-C836-4E71-A3BF-5A0CE061D5E6}.Debug Preview|Win32.Build.0 = Debug Preview|Win32
		{996FD070-C836-4E71-A3BF-5A0CE061D5E6}.Debug Preview|x64.ActiveCfg = Debug Preview|x64
		{996FD070-C836-4E71-A3BF-5A0CE061D5E6}.Debug Preview|x64.Build.0 = Debug Preview|x64
		{996FD070-C836-4E71-A3BF-5A0CE061D5E6}.Debug ScreenshotContainer|Win32.ActiveCfg = Debug ScreenshotContainer|Win32
		{996FD070-C836-4E71-A3BF-5A0CE061D5E6}.Debug ScreenshotContainer|Win32.Build.0 = Debug ScreenshotContainer|Win32
		{996FD070-C836-4E71-A3BF-5A0CE061D5E6}.Debug ScreenshotContainer|x64.ActiveCfg = Debug ScreenshotContainer|x64
		{996FD070-C836-4E71-A3BF-5A0CE061D5E6}.Debug ScreenshotContainer|x64.Build.0 = Debug ScreenshotContainer|x64
		{996FD070-C836-4E71-A3BF-5A0CE061D5E6}.Release|Win32.ActiveCfg = Release|Win32
		{996FD070-C836-4E71-A3BF-5A0CE061D5E6}.Release|Win32.Build.0 = Release|Win32
		{996FD070-C836-4E71-A3BF-5A0CE061D5E6}.Release|x64.ActiveCfg = Release|x64
		{996FD070-C836-4E71-A3BF-5A0CE061D5E6}.Release|x64.Build.0 = Release|x64
		{996FD070-C836-4E71-A3BF-5A0CE061D5E6}.Release ScreenshotContainer|Win32.ActiveCfg = Release ScreenshotContainer|Win32
		{996FD070-C836-4E71-A3BF-5A0CE061D5E6}.Release ScreenshotContainer|Win32.Build.0 = Release ScreenshotContainer|Win32
		{996FD070-C836-4E71-A3BF-5A0CE061D5E6}.Release ScreenshotContainer|x64.ActiveCfg = Release ScreenshotContainer|x64
		{996FD070-C836-4E71-A3BF-5A0CE061D5E6}.Release ScreenshotContainer|x64.Build.0 = Release ScreenshotContainer|x64
	EndGlobalSection
	GlobalSection(SolutionProperties) = preSolution
		HideSolutionNode = FALSE
	EndGlobalSection
EndGlobal
